{
	"name": "@water-sorting/game",
	"version": "1.0.1",
	"lockfileVersion": 2,
	"requires": true,
	"packages": {
		"": {
			"name": "@water-sorting/game",
			"version": "1.0.1",
			"license": "MIT",
			"dependencies": {
				"@reduxjs/toolkit": "^1.5.0",
				"@stencil/redux": "^0.2.0",
				"bulma": "^0.9.1",
				"classnames": "^2.2.6",
				"haunted": "^4.7.1",
				"lodash": "^4.17.20"
			},
			"devDependencies": {
				"@stencil/core": "^2.0.0",
				"@stencil/router": "^1.0.1"
			}
		},
		"node_modules/@babel/runtime": {
			"version": "7.15.3",
			"resolved": "https://registry.npmjs.org/@babel/runtime/-/runtime-7.15.3.tgz",
			"integrity": "sha512-OvwMLqNXkCXSz1kSm58sEsNuhqOx/fKpnUnKnFB5v8uDda5bLNEHNgKPvhDN6IU0LDcnHQ90LlJ0Q6jnyBSIBA==",
			"dependencies": {
				"regenerator-runtime": "^0.13.4"
			},
			"engines": {
				"node": ">=6.9.0"
			}
		},
		"node_modules/@lit/reactive-element": {
			"version": "1.0.0-rc.2",
			"resolved": "https://registry.npmjs.org/@lit/reactive-element/-/reactive-element-1.0.0-rc.2.tgz",
			"integrity": "sha512-cujeIl5Ei8FC7UHf4/4Q3bRJOtdTe1vpJV/JEBYCggedmQ+2P8A2oz7eE+Vxi6OJ4nc0X+KZxXnBoH4QrEbmEQ=="
		},
		"node_modules/@reduxjs/toolkit": {
			"version": "1.6.1",
			"resolved": "https://registry.npmjs.org/@reduxjs/toolkit/-/toolkit-1.6.1.tgz",
			"integrity": "sha512-pa3nqclCJaZPAyBhruQtiRwtTjottRrVJqziVZcWzI73i6L3miLTtUyWfauwv08HWtiXLx1xGyGt+yLFfW/d0A==",
			"dependencies": {
				"immer": "^9.0.1",
				"redux": "^4.1.0",
				"redux-thunk": "^2.3.0",
				"reselect": "^4.0.0"
			},
			"peerDependencies": {
				"react": "^16.14.0 || ^17.0.0",
				"react-redux": "^7.2.1"
			},
			"peerDependenciesMeta": {
				"react": {
					"optional": true
				},
				"react-redux": {
					"optional": true
				}
			}
		},
		"node_modules/@stencil/core": {
			"version": "2.6.0",
			"resolved": "https://registry.npmjs.org/@stencil/core/-/core-2.6.0.tgz",
			"integrity": "sha512-QsxWayZyusnqSZrlCl81R71rA3KqFjVVQSH4E0rGN15F1GdQaFonKlHLyCOLKLig1zzC+DQkLLiUuocexuvdeQ==",
			"dev": true,
			"bin": {
				"stencil": "bin/stencil"
			},
			"engines": {
				"node": ">=12.10.0",
				"npm": ">=6.0.0"
			}
		},
		"node_modules/@stencil/redux": {
			"version": "0.2.0",
			"resolved": "https://registry.npmjs.org/@stencil/redux/-/redux-0.2.0.tgz",
			"integrity": "sha512-isikSfMNFBMYVPFzhvlwDkEdjKJQrcbZgPGN84UXIoCYwQee5OQ2k22hF40GCLkjP5oG/lR36jdQIf9JU3mG/g==",
			"peerDependencies": {
				"redux": "^4.0.1"
			}
		},
		"node_modules/@stencil/router": {
			"version": "1.0.1",
			"resolved": "https://registry.npmjs.org/@stencil/router/-/router-1.0.1.tgz",
			"integrity": "sha512-ZMholl1BE+glNAc/8pcEb9RYkeH0XETxsJbx6D7f3azTmaTXqKYty1IACP/3BtVjuimpfLdxQJ+J95wKmnYBtA==",
			"dev": true,
			"dependencies": {
				"@stencil/state-tunnel": "^1.0.1"
			}
		},
		"node_modules/@stencil/state-tunnel": {
			"version": "1.0.1",
			"resolved": "https://registry.npmjs.org/@stencil/state-tunnel/-/state-tunnel-1.0.1.tgz",
			"integrity": "sha512-DYG8uROgL9hkjVTCtCfRBb0d3FwpiFB0muRrNZQ2X1Qo5hxMuNNji76/ILddqeq0AfgkKCW82xrMPDpy+rNIhQ==",
			"dev": true
		},
		"node_modules/bulma": {
			"version": "0.9.3",
			"resolved": "https://registry.npmjs.org/bulma/-/bulma-0.9.3.tgz",
			"integrity": "sha512-0d7GNW1PY4ud8TWxdNcP6Cc8Bu7MxcntD/RRLGWuiw/s0a9P+XlH/6QoOIrmbj6o8WWJzJYhytiu9nFjTszk1g=="
		},
		"node_modules/classnames": {
			"version": "2.3.1",
			"resolved": "https://registry.npmjs.org/classnames/-/classnames-2.3.1.tgz",
			"integrity": "sha512-OlQdbZ7gLfGarSqxesMesDa5uz7KFbID8Kpq/SxIoNGDqY8lSYs0D+hhtBXhcdB3rcbXArFr7vlHheLk1voeNA=="
		},
		"node_modules/haunted": {
			"version": "4.8.2",
			"resolved": "https://registry.npmjs.org/haunted/-/haunted-4.8.2.tgz",
			"integrity": "sha512-+auNzzp1AjzZblPrY3oV8PuTGAcK6I9ExBfFnhR+6HINVFeM7BR+jPDAKxa7NF22RBbu5McBhbp+t0zO0rqrqQ==",
			"dependencies": {
				"@lit/reactive-element": "^1.0.0-rc.2",
				"lit-html": "^1.0.0"
			}
		},
		"node_modules/immer": {
			"version": "9.0.5",
			"resolved": "https://registry.npmjs.org/immer/-/immer-9.0.5.tgz",
			"integrity": "sha512-2WuIehr2y4lmYz9gaQzetPR2ECniCifk4ORaQbU3g5EalLt+0IVTosEPJ5BoYl/75ky2mivzdRzV8wWgQGOSYQ==",
			"funding": {
				"type": "opencollective",
				"url": "https://opencollective.com/immer"
			}
		},
		"node_modules/lit-html": {
			"version": "1.4.1",
			"resolved": "https://registry.npmjs.org/lit-html/-/lit-html-1.4.1.tgz",
			"integrity": "sha512-B9btcSgPYb1q4oSOb/PrOT6Z/H+r6xuNzfH4lFli/AWhYwdtrgQkQWBbIc6mdnf6E2IL3gDXdkkqNktpU0OZQA=="
		},
		"node_modules/lodash": {
			"version": "4.17.21",
			"resolved": "https://registry.npmjs.org/lodash/-/lodash-4.17.21.tgz",
			"integrity": "sha512-v2kDEe57lecTulaDIuNTPy3Ry4gLGJ6Z1O3vE1krgXZNrsQ+LFTGHVxVjcXPs17LhbZVGedAJv8XZ1tvj5FvSg=="
		},
		"node_modules/redux": {
			"version": "4.1.1",
			"resolved": "https://registry.npmjs.org/redux/-/redux-4.1.1.tgz",
			"integrity": "sha512-hZQZdDEM25UY2P493kPYuKqviVwZ58lEmGQNeQ+gXa+U0gYPUBf7NKYazbe3m+bs/DzM/ahN12DbF+NG8i0CWw==",
			"dependencies": {
				"@babel/runtime": "^7.9.2"
			}
		},
		"node_modules/redux-thunk": {
			"version": "2.3.0",
			"resolved": "https://registry.npmjs.org/redux-thunk/-/redux-thunk-2.3.0.tgz",
			"integrity": "sha512-km6dclyFnmcvxhAcrQV2AkZmPQjzPDjgVlQtR0EQjxZPyJ0BnMf3in1ryuR8A2qU0HldVRfxYXbFSKlI3N7Slw=="
		},
		"node_modules/regenerator-runtime": {
			"version": "0.13.9",
			"resolved": "https://registry.npmjs.org/regenerator-runtime/-/regenerator-runtime-0.13.9.tgz",
			"integrity": "sha512-p3VT+cOEgxFsRRA9X4lkI1E+k2/CtnKtU4gcxyaCUreilL/vqI6CdZ3wxVUx3UOUg+gnUOQQcRI7BmSI656MYA=="
		},
		"node_modules/reselect": {
			"version": "4.0.0",
			"resolved": "https://registry.npmjs.org/reselect/-/reselect-4.0.0.tgz",
			"integrity": "sha512-qUgANli03jjAyGlnbYVAV5vvnOmJnODyABz51RdBN7M4WaVu8mecZWgyQNkG8Yqe3KRGRt0l4K4B3XVEULC4CA=="
		}
	},
	"dependencies": {
		"@babel/runtime": {
			"version": "7.15.3",
			"resolved": "https://registry.npmjs.org/@babel/runtime/-/runtime-7.15.3.tgz",
			"integrity": "sha512-OvwMLqNXkCXSz1kSm58sEsNuhqOx/fKpnUnKnFB5v8uDda5bLNEHNgKPvhDN6IU0LDcnHQ90LlJ0Q6jnyBSIBA==",
			"requires": {
				"regenerator-runtime": "^0.13.4"
			}
		},
		"@lit/reactive-element": {
			"version": "1.0.0-rc.2",
			"resolved": "https://registry.npmjs.org/@lit/reactive-element/-/reactive-element-1.0.0-rc.2.tgz",
			"integrity": "sha512-cujeIl5Ei8FC7UHf4/4Q3bRJOtdTe1vpJV/JEBYCggedmQ+2P8A2oz7eE+Vxi6OJ4nc0X+KZxXnBoH4QrEbmEQ=="
		},
		"@reduxjs/toolkit": {
			"version": "1.6.1",
			"resolved": "https://registry.npmjs.org/@reduxjs/toolkit/-/toolkit-1.6.1.tgz",
			"integrity": "sha512-pa3nqclCJaZPAyBhruQtiRwtTjottRrVJqziVZcWzI73i6L3miLTtUyWfauwv08HWtiXLx1xGyGt+yLFfW/d0A==",
			"requires": {
				"immer": "^9.0.1",
				"redux": "^4.1.0",
				"redux-thunk": "^2.3.0",
				"reselect": "^4.0.0"
			}
		},
		"@stencil/core": {
			"version": "2.6.0",
			"resolved": "https://registry.npmjs.org/@stencil/core/-/core-2.6.0.tgz",
			"integrity": "sha512-QsxWayZyusnqSZrlCl81R71rA3KqFjVVQSH4E0rGN15F1GdQaFonKlHLyCOLKLig1zzC+DQkLLiUuocexuvdeQ==",
			"dev": true
		},
		"@stencil/redux": {
			"version": "0.2.0",
			"resolved": "https://registry.npmjs.org/@stencil/redux/-/redux-0.2.0.tgz",
			"integrity": "sha512-isikSfMNFBMYVPFzhvlwDkEdjKJQrcbZgPGN84UXIoCYwQee5OQ2k22hF40GCLkjP5oG/lR36jdQIf9JU3mG/g==",
			"requires": {}
		},
		"@stencil/router": {
			"version": "1.0.1",
			"resolved": "https://registry.npmjs.org/@stencil/router/-/router-1.0.1.tgz",
			"integrity": "sha512-ZMholl1BE+glNAc/8pcEb9RYkeH0XETxsJbx6D7f3azTmaTXqKYty1IACP/3BtVjuimpfLdxQJ+J95wKmnYBtA==",
			"dev": true,
			"requires": {
				"@stencil/state-tunnel": "^1.0.1"
			}
		},
		"@stencil/state-tunnel": {
			"version": "1.0.1",
			"resolved": "https://registry.npmjs.org/@stencil/state-tunnel/-/state-tunnel-1.0.1.tgz",
			"integrity": "sha512-DYG8uROgL9hkjVTCtCfRBb0d3FwpiFB0muRrNZQ2X1Qo5hxMuNNji76/ILddqeq0AfgkKCW82xrMPDpy+rNIhQ==",
			"dev": true
		},
		"bulma": {
			"version": "0.9.3",
			"resolved": "https://registry.npmjs.org/bulma/-/bulma-0.9.3.tgz",
			"integrity": "sha512-0d7GNW1PY4ud8TWxdNcP6Cc8Bu7MxcntD/RRLGWuiw/s0a9P+XlH/6QoOIrmbj6o8WWJzJYhytiu9nFjTszk1g=="
		},
		"classnames": {
			"version": "2.3.1",
			"resolved": "https://registry.npmjs.org/classnames/-/classnames-2.3.1.tgz",
			"integrity": "sha512-OlQdbZ7gLfGarSqxesMesDa5uz7KFbID8Kpq/SxIoNGDqY8lSYs0D+hhtBXhcdB3rcbXArFr7vlHheLk1voeNA=="
		},
		"haunted": {
			"version": "4.8.2",
			"resolved": "https://registry.npmjs.org/haunted/-/haunted-4.8.2.tgz",
			"integrity": "sha512-+auNzzp1AjzZblPrY3oV8PuTGAcK6I9ExBfFnhR+6HINVFeM7BR+jPDAKxa7NF22RBbu5McBhbp+t0zO0rqrqQ==",
			"requires": {
				"@lit/reactive-element": "^1.0.0-rc.2",
				"lit-html": "^1.0.0"
			}
		},
		"immer": {
			"version": "9.0.5",
			"resolved": "https://registry.npmjs.org/immer/-/immer-9.0.5.tgz",
			"integrity": "sha512-2WuIehr2y4lmYz9gaQzetPR2ECniCifk4ORaQbU3g5EalLt+0IVTosEPJ5BoYl/75ky2mivzdRzV8wWgQGOSYQ=="
		},
		"lit-html": {
			"version": "1.4.1",
			"resolved": "https://registry.npmjs.org/lit-html/-/lit-html-1.4.1.tgz",
			"integrity": "sha512-B9btcSgPYb1q4oSOb/PrOT6Z/H+r6xuNzfH4lFli/AWhYwdtrgQkQWBbIc6mdnf6E2IL3gDXdkkqNktpU0OZQA=="
		},
		"lodash": {
			"version": "4.17.21",
			"resolved": "https://registry.npmjs.org/lodash/-/lodash-4.17.21.tgz",
			"integrity": "sha512-v2kDEe57lecTulaDIuNTPy3Ry4gLGJ6Z1O3vE1krgXZNrsQ+LFTGHVxVjcXPs17LhbZVGedAJv8XZ1tvj5FvSg=="
		},
		"redux": {
			"version": "4.1.1",
			"resolved": "https://registry.npmjs.org/redux/-/redux-4.1.1.tgz",
			"integrity": "sha512-hZQZdDEM25UY2P493kPYuKqviVwZ58lEmGQNeQ+gXa+U0gYPUBf7NKYazbe3m+bs/DzM/ahN12DbF+NG8i0CWw==",
			"requires": {
				"@babel/runtime": "^7.9.2"
			}
		},
		"redux-thunk": {
			"version": "2.3.0",
			"resolved": "https://registry.npmjs.org/redux-thunk/-/redux-thunk-2.3.0.tgz",
			"integrity": "sha512-km6dclyFnmcvxhAcrQV2AkZmPQjzPDjgVlQtR0EQjxZPyJ0BnMf3in1ryuR8A2qU0HldVRfxYXbFSKlI3N7Slw=="
		},
		"regenerator-runtime": {
			"version": "0.13.9",
			"resolved": "https://registry.npmjs.org/regenerator-runtime/-/regenerator-runtime-0.13.9.tgz",
			"integrity": "sha512-p3VT+cOEgxFsRRA9X4lkI1E+k2/CtnKtU4gcxyaCUreilL/vqI6CdZ3wxVUx3UOUg+gnUOQQcRI7BmSI656MYA=="
		},
		"reselect": {
			"version": "4.0.0",
			"resolved": "https://registry.npmjs.org/reselect/-/reselect-4.0.0.tgz",
			"integrity": "sha512-qUgANli03jjAyGlnbYVAV5vvnOmJnODyABz51RdBN7M4WaVu8mecZWgyQNkG8Yqe3KRGRt0l4K4B3XVEULC4CA=="
		}
	}
}
